// !$*UTF8*$!
{
	archiveVersion = 1;
	classes = {
	};
	objectVersion = 56;
	objects = {

/* Begin PBXBuildFile section */
		9C0141702E0977310092A7F2 /* CardGuessView.swift in Sources */ = {isa = PBXBuildFile; fileRef = 9C01416F2E0977310092A7F2 /* CardGuessView.swift */; };
		9CA57DD62E05F341003CAC37 /* HintPickerView.swift in Sources */ = {isa = PBXBuildFile; fileRef = 9CA57DD52E05F341003CAC37 /* HintPickerView.swift */; };
		9CA705EB2E1D99BC0081939B /* View+Extensions.swift in Sources */ = {isa = PBXBuildFile; fileRef = 9CA705EA2E1D99BC0081939B /* View+Extensions.swift */; };
		9CB7999E2E0A147A00B5375B /* CardSelectView.swift in Sources */ = {isa = PBXBuildFile; fileRef = 9CB7999D2E0A147A00B5375B /* CardSelectView.swift */; };
		9CB799A22E0AD8A300B5375B /* CardTracker.swift in Sources */ = {isa = PBXBuildFile; fileRef = 9CB799A12E0AD8A300B5375B /* CardTracker.swift */; };
		9CB799A62E0ADF7400B5375B /* PlayedCardsView.swift in Sources */ = {isa = PBXBuildFile; fileRef = 9CB799A52E0ADF7400B5375B /* PlayedCardsView.swift */; };
		9CB799A82E0AECBE00B5375B /* CardView.swift in Sources */ = {isa = PBXBuildFile; fileRef = 9CB799A72E0AECBE00B5375B /* CardView.swift */; };
		9CB799AA2E0B33EC00B5375B /* CardCountView.swift in Sources */ = {isa = PBXBuildFile; fileRef = 9CB799A92E0B33EC00B5375B /* CardCountView.swift */; };
		9CF7BF742E2542780083EC4B /* StrokeModifier.swift in Sources */ = {isa = PBXBuildFile; fileRef = 9CF7BF732E2542780083EC4B /* StrokeModifier.swift */; };
		AC7222032D2097DA0029970C /* Hanabi_BrainApp.swift in Sources */ = {isa = PBXBuildFile; fileRef = AC7222022D2097DA0029970C /* Hanabi_BrainApp.swift */; };
		AC7222052D2097DA0029970C /* ContentView.swift in Sources */ = {isa = PBXBuildFile; fileRef = AC7222042D2097DA0029970C /* ContentView.swift */; };
		AC7222072D2097DC0029970C /* Assets.xcassets in Resources */ = {isa = PBXBuildFile; fileRef = AC7222062D2097DC0029970C /* Assets.xcassets */; };
		AC72220A2D2097DC0029970C /* Preview Assets.xcassets in Resources */ = {isa = PBXBuildFile; fileRef = AC7222092D2097DC0029970C /* Preview Assets.xcassets */; };
		AC7222112D20995D0029970C /* Deck.swift in Sources */ = {isa = PBXBuildFile; fileRef = AC7222102D20995D0029970C /* Deck.swift */; };
		AC7222132D20997A0029970C /* Card.swift in Sources */ = {isa = PBXBuildFile; fileRef = AC7222122D20997A0029970C /* Card.swift */; };
		AC7222152D2099A30029970C /* CardColor.swift in Sources */ = {isa = PBXBuildFile; fileRef = AC7222142D2099A30029970C /* CardColor.swift */; };
		AC7222172D2099D00029970C /* CardNumber.swift in Sources */ = {isa = PBXBuildFile; fileRef = AC7222162D2099D00029970C /* CardNumber.swift */; };
		AC7222192D209B190029970C /* GameConfig.swift in Sources */ = {isa = PBXBuildFile; fileRef = AC7222182D209B190029970C /* GameConfig.swift */; };
		AC72221B2D209DE50029970C /* CardGuess.swift in Sources */ = {isa = PBXBuildFile; fileRef = AC72221A2D209DE50029970C /* CardGuess.swift */; };
		AC72221D2D209EF80029970C /* Hint.swift in Sources */ = {isa = PBXBuildFile; fileRef = AC72221C2D209EF80029970C /* Hint.swift */; };
/* End PBXBuildFile section */

/* Begin PBXFileReference section */
		9C01416F2E0977310092A7F2 /* CardGuessView.swift */ = {isa = PBXFileReference; lastKnownFileType = sourcecode.swift; path = CardGuessView.swift; sourceTree = "<group>"; };
		9CA57DD52E05F341003CAC37 /* HintPickerView.swift */ = {isa = PBXFileReference; lastKnownFileType = sourcecode.swift; path = HintPickerView.swift; sourceTree = "<group>"; };
		9CA705EA2E1D99BC0081939B /* View+Extensions.swift */ = {isa = PBXFileReference; lastKnownFileType = sourcecode.swift; path = "View+Extensions.swift"; sourceTree = "<group>"; };
		9CB7999D2E0A147A00B5375B /* CardSelectView.swift */ = {isa = PBXFileReference; lastKnownFileType = sourcecode.swift; path = CardSelectView.swift; sourceTree = "<group>"; };
		9CB799A12E0AD8A300B5375B /* CardTracker.swift */ = {isa = PBXFileReference; lastKnownFileType = sourcecode.swift; path = CardTracker.swift; sourceTree = "<group>"; };
		9CB799A52E0ADF7400B5375B /* PlayedCardsView.swift */ = {isa = PBXFileReference; lastKnownFileType = sourcecode.swift; path = PlayedCardsView.swift; sourceTree = "<group>"; };
		9CB799A72E0AECBE00B5375B /* CardView.swift */ = {isa = PBXFileReference; lastKnownFileType = sourcecode.swift; path = CardView.swift; sourceTree = "<group>"; };
		9CB799A92E0B33EC00B5375B /* CardCountView.swift */ = {isa = PBXFileReference; lastKnownFileType = sourcecode.swift; path = CardCountView.swift; sourceTree = "<group>"; };
		9CF7BF732E2542780083EC4B /* StrokeModifier.swift */ = {isa = PBXFileReference; lastKnownFileType = sourcecode.swift; path = StrokeModifier.swift; sourceTree = "<group>"; };
		AC7221FF2D2097DA0029970C /* Hanabi-Brain.app */ = {isa = PBXFileReference; explicitFileType = wrapper.application; includeInIndex = 0; path = "Hanabi-Brain.app"; sourceTree = BUILT_PRODUCTS_DIR; };
		AC7222022D2097DA0029970C /* Hanabi_BrainApp.swift */ = {isa = PBXFileReference; lastKnownFileType = sourcecode.swift; path = Hanabi_BrainApp.swift; sourceTree = "<group>"; };
		AC7222042D2097DA0029970C /* ContentView.swift */ = {isa = PBXFileReference; lastKnownFileType = sourcecode.swift; path = ContentView.swift; sourceTree = "<group>"; };
		AC7222062D2097DC0029970C /* Assets.xcassets */ = {isa = PBXFileReference; lastKnownFileType = folder.assetcatalog; path = Assets.xcassets; sourceTree = "<group>"; };
		AC7222092D2097DC0029970C /* Preview Assets.xcassets */ = {isa = PBXFileReference; lastKnownFileType = folder.assetcatalog; path = "Preview Assets.xcassets"; sourceTree = "<group>"; };
		AC7222102D20995D0029970C /* Deck.swift */ = {isa = PBXFileReference; lastKnownFileType = sourcecode.swift; path = Deck.swift; sourceTree = "<group>"; };
		AC7222122D20997A0029970C /* Card.swift */ = {isa = PBXFileReference; lastKnownFileType = sourcecode.swift; path = Card.swift; sourceTree = "<group>"; };
		AC7222142D2099A30029970C /* CardColor.swift */ = {isa = PBXFileReference; lastKnownFileType = sourcecode.swift; path = CardColor.swift; sourceTree = "<group>"; };
		AC7222162D2099D00029970C /* CardNumber.swift */ = {isa = PBXFileReference; lastKnownFileType = sourcecode.swift; path = CardNumber.swift; sourceTree = "<group>"; };
		AC7222182D209B190029970C /* GameConfig.swift */ = {isa = PBXFileReference; lastKnownFileType = sourcecode.swift; path = GameConfig.swift; sourceTree = "<group>"; };
		AC72221A2D209DE50029970C /* CardGuess.swift */ = {isa = PBXFileReference; lastKnownFileType = sourcecode.swift; path = CardGuess.swift; sourceTree = "<group>"; };
		AC72221C2D209EF80029970C /* Hint.swift */ = {isa = PBXFileReference; lastKnownFileType = sourcecode.swift; path = Hint.swift; sourceTree = "<group>"; };
/* End PBXFileReference section */

/* Begin PBXFrameworksBuildPhase section */
		AC7221FC2D2097DA0029970C /* Frameworks */ = {
			isa = PBXFrameworksBuildPhase;
			buildActionMask = 2147483647;
			files = (
			);
			runOnlyForDeploymentPostprocessing = 0;
		};
/* End PBXFrameworksBuildPhase section */

/* Begin PBXGroup section */
		9CA57DD72E05F6E2003CAC37 /* Views */ = {
			isa = PBXGroup;
			children = (
				9CF7BF722E2538E90083EC4B /* ViewModifiers */,
				AC7222042D2097DA0029970C /* ContentView.swift */,
				9C01416F2E0977310092A7F2 /* CardGuessView.swift */,
				9CB7999D2E0A147A00B5375B /* CardSelectView.swift */,
				9CA57DD52E05F341003CAC37 /* HintPickerView.swift */,
				9CB799A52E0ADF7400B5375B /* PlayedCardsView.swift */,
				9CB799A72E0AECBE00B5375B /* CardView.swift */,
				9CB799A92E0B33EC00B5375B /* CardCountView.swift */,
			);
			path = Views;
			sourceTree = "<group>";
		};
		9CA57DD82E05F700003CAC37 /* Deduction */ = {
			isa = PBXGroup;
			children = (
				AC7222232D20A17A0029970C /* Card */,
				9CA57DD92E05F731003CAC37 /* GameState */,
				AC72221A2D209DE50029970C /* CardGuess.swift */,
				AC72221C2D209EF80029970C /* Hint.swift */,
			);
			path = Deduction;
			sourceTree = "<group>";
		};
		9CA57DD92E05F731003CAC37 /* GameState */ = {
			isa = PBXGroup;
			children = (
				AC7222182D209B190029970C /* GameConfig.swift */,
				AC7222102D20995D0029970C /* Deck.swift */,
				9CB799A12E0AD8A300B5375B /* CardTracker.swift */,
			);
			path = GameState;
			sourceTree = "<group>";
		};
		9CED53662E25364D005C711E /* Extensions */ = {
			isa = PBXGroup;
			children = (
				9CA705EA2E1D99BC0081939B /* View+Extensions.swift */,
			);
			path = Extensions;
			sourceTree = "<group>";
		};
		9CF7BF722E2538E90083EC4B /* ViewModifiers */ = {
			isa = PBXGroup;
			children = (
				9CF7BF732E2542780083EC4B /* StrokeModifier.swift */,
			);
			path = ViewModifiers;
			sourceTree = "<group>";
		};
		AC7221F62D2097DA0029970C = {
			isa = PBXGroup;
			children = (
				AC7222012D2097DA0029970C /* Hanabi-Brain */,
				AC7222002D2097DA0029970C /* Products */,
			);
			sourceTree = "<group>";
		};
		AC7222002D2097DA0029970C /* Products */ = {
			isa = PBXGroup;
			children = (
				AC7221FF2D2097DA0029970C /* Hanabi-Brain.app */,
			);
			name = Products;
			sourceTree = "<group>";
		};
		AC7222012D2097DA0029970C /* Hanabi-Brain */ = {
			isa = PBXGroup;
			children = (
				AC7222062D2097DC0029970C /* Assets.xcassets */,
				AC7222082D2097DC0029970C /* Preview Content */,
				AC7222022D2097DA0029970C /* Hanabi_BrainApp.swift */,
				9CED53662E25364D005C711E /* Extensions */,
				9CA57DD72E05F6E2003CAC37 /* Views */,
				9CA57DD82E05F700003CAC37 /* Deduction */,
			);
			path = "Hanabi-Brain";
			sourceTree = "<group>";
		};
		AC7222082D2097DC0029970C /* Preview Content */ = {
			isa = PBXGroup;
			children = (
				AC7222092D2097DC0029970C /* Preview Assets.xcassets */,
			);
			path = "Preview Content";
			sourceTree = "<group>";
		};
		AC7222232D20A17A0029970C /* Card */ = {
			isa = PBXGroup;
			children = (
				AC7222122D20997A0029970C /* Card.swift */,
				AC7222142D2099A30029970C /* CardColor.swift */,
				AC7222162D2099D00029970C /* CardNumber.swift */,
			);
			path = Card;
			sourceTree = "<group>";
		};
/* End PBXGroup section */

/* Begin PBXNativeTarget section */
		AC7221FE2D2097DA0029970C /* Hanabi-Brain */ = {
			isa = PBXNativeTarget;
			buildConfigurationList = AC72220D2D2097DC0029970C /* Build configuration list for PBXNativeTarget "Hanabi-Brain" */;
			buildPhases = (
				AC7221FB2D2097DA0029970C /* Sources */,
				AC7221FC2D2097DA0029970C /* Frameworks */,
				AC7221FD2D2097DA0029970C /* Resources */,
			);
			buildRules = (
			);
			dependencies = (
			);
			name = "Hanabi-Brain";
			productName = "Hanabi-Brain";
			productReference = AC7221FF2D2097DA0029970C /* Hanabi-Brain.app */;
			productType = "com.apple.product-type.application";
		};
/* End PBXNativeTarget section */

/* Begin PBXProject section */
		AC7221F72D2097DA0029970C /* Project object */ = {
			isa = PBXProject;
			attributes = {
				BuildIndependentTargetsInParallel = 1;
				LastSwiftUpdateCheck = 1540;
				LastUpgradeCheck = 1640;
				TargetAttributes = {
					AC7221FE2D2097DA0029970C = {
						CreatedOnToolsVersion = 15.4;
					};
				};
			};
			buildConfigurationList = AC7221FA2D2097DA0029970C /* Build configuration list for PBXProject "Hanabi-Brain" */;
			compatibilityVersion = "Xcode 14.0";
			developmentRegion = en;
			hasScannedForEncodings = 0;
			knownRegions = (
				en,
				Base,
			);
			mainGroup = AC7221F62D2097DA0029970C;
			productRefGroup = AC7222002D2097DA0029970C /* Products */;
			projectDirPath = "";
			projectRoot = "";
			targets = (
				AC7221FE2D2097DA0029970C /* Hanabi-Brain */,
			);
		};
/* End PBXProject section */

/* Begin PBXResourcesBuildPhase section */
		AC7221FD2D2097DA0029970C /* Resources */ = {
			isa = PBXResourcesBuildPhase;
			buildActionMask = 2147483647;
			files = (
				AC72220A2D2097DC0029970C /* Preview Assets.xcassets in Resources */,
				AC7222072D2097DC0029970C /* Assets.xcassets in Resources */,
			);
			runOnlyForDeploymentPostprocessing = 0;
		};
/* End PBXResourcesBuildPhase section */

/* Begin PBXSourcesBuildPhase section */
		AC7221FB2D2097DA0029970C /* Sources */ = {
			isa = PBXSourcesBuildPhase;
			buildActionMask = 2147483647;
			files = (
				AC7222172D2099D00029970C /* CardNumber.swift in Sources */,
				9C0141702E0977310092A7F2 /* CardGuessView.swift in Sources */,
				9CB799A62E0ADF7400B5375B /* PlayedCardsView.swift in Sources */,
				AC7222152D2099A30029970C /* CardColor.swift in Sources */,
				9CA57DD62E05F341003CAC37 /* HintPickerView.swift in Sources */,
				AC7222192D209B190029970C /* GameConfig.swift in Sources */,
				AC72221B2D209DE50029970C /* CardGuess.swift in Sources */,
				AC7222112D20995D0029970C /* Deck.swift in Sources */,
				9CB799AA2E0B33EC00B5375B /* CardCountView.swift in Sources */,
				9CA705EB2E1D99BC0081939B /* View+Extensions.swift in Sources */,
				9CB7999E2E0A147A00B5375B /* CardSelectView.swift in Sources */,
				AC7222132D20997A0029970C /* Card.swift in Sources */,
				AC72221D2D209EF80029970C /* Hint.swift in Sources */,
				AC7222052D2097DA0029970C /* ContentView.swift in Sources */,
				9CB799A22E0AD8A300B5375B /* CardTracker.swift in Sources */,
				9CB799A82E0AECBE00B5375B /* CardView.swift in Sources */,
				9CF7BF742E2542780083EC4B /* StrokeModifier.swift in Sources */,
				AC7222032D2097DA0029970C /* Hanabi_BrainApp.swift in Sources */,
			);
			runOnlyForDeploymentPostprocessing = 0;
		};
/* End PBXSourcesBuildPhase section */

/* Begin XCBuildConfiguration section */
		AC72220B2D2097DC0029970C /* Debug */ = {
			isa = XCBuildConfiguration;
			buildSettings = {
				ALWAYS_SEARCH_USER_PATHS = NO;
				ASSETCATALOG_COMPILER_GENERATE_SWIFT_ASSET_SYMBOL_EXTENSIONS = YES;
				CLANG_ANALYZER_NONNULL = YES;
				CLANG_ANALYZER_NUMBER_OBJECT_CONVERSION = YES_AGGRESSIVE;
				CLANG_CXX_LANGUAGE_STANDARD = "gnu++20";
				CLANG_ENABLE_MODULES = YES;
				CLANG_ENABLE_OBJC_ARC = YES;
				CLANG_ENABLE_OBJC_WEAK = YES;
				CLANG_WARN_BLOCK_CAPTURE_AUTORELEASING = YES;
				CLANG_WARN_BOOL_CONVERSION = YES;
				CLANG_WARN_COMMA = YES;
				CLANG_WARN_CONSTANT_CONVERSION = YES;
				CLANG_WARN_DEPRECATED_OBJC_IMPLEMENTATIONS = YES;
				CLANG_WARN_DIRECT_OBJC_ISA_USAGE = YES_ERROR;
				CLANG_WARN_DOCUMENTATION_COMMENTS = YES;
				CLANG_WARN_EMPTY_BODY = YES;
				CLANG_WARN_ENUM_CONVERSION = YES;
				CLANG_WARN_INFINITE_RECURSION = YES;
				CLANG_WARN_INT_CONVERSION = YES;
				CLANG_WARN_NON_LITERAL_NULL_CONVERSION = YES;
				CLANG_WARN_OBJC_IMPLICIT_RETAIN_SELF = YES;
				CLANG_WARN_OBJC_LITERAL_CONVERSION = YES;
				CLANG_WARN_OBJC_ROOT_CLASS = YES_ERROR;
				CLANG_WARN_QUOTED_INCLUDE_IN_FRAMEWORK_HEADER = YES;
				CLANG_WARN_RANGE_LOOP_ANALYSIS = YES;
				CLANG_WARN_STRICT_PROTOTYPES = YES;
				CLANG_WARN_SUSPICIOUS_MOVE = YES;
				CLANG_WARN_UNGUARDED_AVAILABILITY = YES_AGGRESSIVE;
				CLANG_WARN_UNREACHABLE_CODE = YES;
				CLANG_WARN__DUPLICATE_METHOD_MATCH = YES;
				COPY_PHASE_STRIP = NO;
				DEBUG_INFORMATION_FORMAT = dwarf;
				DEVELOPMENT_TEAM = 93ZH5X78BW;
				ENABLE_STRICT_OBJC_MSGSEND = YES;
				ENABLE_TESTABILITY = YES;
				ENABLE_USER_SCRIPT_SANDBOXING = YES;
				GCC_C_LANGUAGE_STANDARD = gnu17;
				GCC_DYNAMIC_NO_PIC = NO;
				GCC_NO_COMMON_BLOCKS = YES;
				GCC_OPTIMIZATION_LEVEL = 0;
				GCC_PREPROCESSOR_DEFINITIONS = (
					"DEBUG=1",
					"$(inherited)",
				);
				GCC_WARN_64_TO_32_BIT_CONVERSION = YES;
				GCC_WARN_ABOUT_RETURN_TYPE = YES_ERROR;
				GCC_WARN_UNDECLARED_SELECTOR = YES;
				GCC_WARN_UNINITIALIZED_AUTOS = YES_AGGRESSIVE;
				GCC_WARN_UNUSED_FUNCTION = YES;
				GCC_WARN_UNUSED_VARIABLE = YES;
				IPHONEOS_DEPLOYMENT_TARGET = 17.5;
				LOCALIZATION_PREFERS_STRING_CATALOGS = YES;
				MTL_ENABLE_DEBUG_INFO = INCLUDE_SOURCE;
				MTL_FAST_MATH = YES;
				ONLY_ACTIVE_ARCH = YES;
				SDKROOT = iphoneos;
				SWIFT_ACTIVE_COMPILATION_CONDITIONS = "DEBUG $(inherited)";
				SWIFT_OPTIMIZATION_LEVEL = "-Onone";
			};
			name = Debug;
		};
		AC72220C2D2097DC0029970C /* Release */ = {
			isa = XCBuildConfiguration;
			buildSettings = {
				ALWAYS_SEARCH_USER_PATHS = NO;
				ASSETCATALOG_COMPILER_GENERATE_SWIFT_ASSET_SYMBOL_EXTENSIONS = YES;
				CLANG_ANALYZER_NONNULL = YES;
				CLANG_ANALYZER_NUMBER_OBJECT_CONVERSION = YES_AGGRESSIVE;
				CLANG_CXX_LANGUAGE_STANDARD = "gnu++20";
				CLANG_ENABLE_MODULES = YES;
				CLANG_ENABLE_OBJC_ARC = YES;
				CLANG_ENABLE_OBJC_WEAK = YES;
				CLANG_WARN_BLOCK_CAPTURE_AUTORELEASING = YES;
				CLANG_WARN_BOOL_CONVERSION = YES;
				CLANG_WARN_COMMA = YES;
				CLANG_WARN_CONSTANT_CONVERSION = YES;
				CLANG_WARN_DEPRECATED_OBJC_IMPLEMENTATIONS = YES;
				CLANG_WARN_DIRECT_OBJC_ISA_USAGE = YES_ERROR;
				CLANG_WARN_DOCUMENTATION_COMMENTS = YES;
				CLANG_WARN_EMPTY_BODY = YES;
				CLANG_WARN_ENUM_CONVERSION = YES;
				CLANG_WARN_INFINITE_RECURSION = YES;
				CLANG_WARN_INT_CONVERSION = YES;
				CLANG_WARN_NON_LITERAL_NULL_CONVERSION = YES;
				CLANG_WARN_OBJC_IMPLICIT_RETAIN_SELF = YES;
				CLANG_WARN_OBJC_LITERAL_CONVERSION = YES;
				CLANG_WARN_OBJC_ROOT_CLASS = YES_ERROR;
				CLANG_WARN_QUOTED_INCLUDE_IN_FRAMEWORK_HEADER = YES;
				CLANG_WARN_RANGE_LOOP_ANALYSIS = YES;
				CLANG_WARN_STRICT_PROTOTYPES = YES;
				CLANG_WARN_SUSPICIOUS_MOVE = YES;
				CLANG_WARN_UNGUARDED_AVAILABILITY = YES_AGGRESSIVE;
				CLANG_WARN_UNREACHABLE_CODE = YES;
				CLANG_WARN__DUPLICATE_METHOD_MATCH = YES;
				COPY_PHASE_STRIP = NO;
				DEBUG_INFORMATION_FORMAT = "dwarf-with-dsym";
				DEVELOPMENT_TEAM = 93ZH5X78BW;
				ENABLE_NS_ASSERTIONS = NO;
				ENABLE_STRICT_OBJC_MSGSEND = YES;
				ENABLE_USER_SCRIPT_SANDBOXING = YES;
				GCC_C_LANGUAGE_STANDARD = gnu17;
				GCC_NO_COMMON_BLOCKS = YES;
				GCC_WARN_64_TO_32_BIT_CONVERSION = YES;
				GCC_WARN_ABOUT_RETURN_TYPE = YES_ERROR;
				GCC_WARN_UNDECLARED_SELECTOR = YES;
				GCC_WARN_UNINITIALIZED_AUTOS = YES_AGGRESSIVE;
				GCC_WARN_UNUSED_FUNCTION = YES;
				GCC_WARN_UNUSED_VARIABLE = YES;
				IPHONEOS_DEPLOYMENT_TARGET = 17.5;
				LOCALIZATION_PREFERS_STRING_CATALOGS = YES;
				MTL_ENABLE_DEBUG_INFO = NO;
				MTL_FAST_MATH = YES;
				SDKROOT = iphoneos;
				SWIFT_COMPILATION_MODE = wholemodule;
				VALIDATE_PRODUCT = YES;
			};
			name = Release;
		};
		AC72220E2D2097DC0029970C /* Debug */ = {
			isa = XCBuildConfiguration;
			buildSettings = {
				ASSETCATALOG_COMPILER_APPICON_NAME = AppIcon;
				ASSETCATALOG_COMPILER_GLOBAL_ACCENT_COLOR_NAME = AccentColor;
				CODE_SIGN_STYLE = Automatic;
				CURRENT_PROJECT_VERSION = 1;
				DEVELOPMENT_ASSET_PATHS = "\"Hanabi-Brain/Preview Content\"";
				ENABLE_PREVIEWS = YES;
				GENERATE_INFOPLIST_FILE = YES;
				INFOPLIST_KEY_UIApplicationSceneManifest_Generation = YES;
				INFOPLIST_KEY_UIApplicationSupportsIndirectInputEvents = YES;
				INFOPLIST_KEY_UILaunchScreen_Generation = YES;
				INFOPLIST_KEY_UISupportedInterfaceOrientations_iPad = "UIInterfaceOrientationPortrait UIInterfaceOrientationPortraitUpsideDown UIInterfaceOrientationLandscapeLeft UIInterfaceOrientationLandscapeRight";
				INFOPLIST_KEY_UISupportedInterfaceOrientations_iPhone = "UIInterfaceOrientationPortrait UIInterfaceOrientationLandscapeLeft UIInterfaceOrientationLandscapeRight";
				IPHONEOS_DEPLOYMENT_TARGET = 18.0;
				LD_RUNPATH_SEARCH_PATHS = (
					"$(inherited)",
					"@executable_path/Frameworks",
				);
				MARKETING_VERSION = 1.0;
				PRODUCT_BUNDLE_IDENTIFIER = "com.allanClipesRosa.Hanabi-Brain";
				PRODUCT_NAME = "$(TARGET_NAME)";
				SWIFT_EMIT_LOC_STRINGS = YES;
				SWIFT_VERSION = 5.0;
				TARGETED_DEVICE_FAMILY = "1,2";
			};
			name = Debug;
		};
		AC72220F2D2097DC0029970C /* Release */ = {
			isa = XCBuildConfiguration;
			buildSettings = {
				ASSETCATALOG_COMPILER_APPICON_NAME = AppIcon;
				ASSETCATALOG_COMPILER_GLOBAL_ACCENT_COLOR_NAME = AccentColor;
				CODE_SIGN_STYLE = Automatic;
				CURRENT_PROJECT_VERSION = 1;
				DEVELOPMENT_ASSET_PATHS = "\"Hanabi-Brain/Preview Content\"";
				ENABLE_PREVIEWS = YES;
				GENERATE_INFOPLIST_FILE = YES;
				INFOPLIST_KEY_UIApplicationSceneManifest_Generation = YES;
				INFOPLIST_KEY_UIApplicationSupportsIndirectInputEvents = YES;
				INFOPLIST_KEY_UILaunchScreen_Generation = YES;
				INFOPLIST_KEY_UISupportedInterfaceOrientations_iPad = "UIInterfaceOrientationPortrait UIInterfaceOrientationPortraitUpsideDown UIInterfaceOrientationLandscapeLeft UIInterfaceOrientationLandscapeRight";
				INFOPLIST_KEY_UISupportedInterfaceOrientations_iPhone = "UIInterfaceOrientationPortrait UIInterfaceOrientationLandscapeLeft UIInterfaceOrientationLandscapeRight";
				IPHONEOS_DEPLOYMENT_TARGET = 18.0;
				LD_RUNPATH_SEARCH_PATHS = (
					"$(inherited)",
					"@executable_path/Frameworks",
				);
				MARKETING_VERSION = 1.0;
				PRODUCT_BUNDLE_IDENTIFIER = "com.allanClipesRosa.Hanabi-Brain";
				PRODUCT_NAME = "$(TARGET_NAME)";
				SWIFT_EMIT_LOC_STRINGS = YES;
				SWIFT_VERSION = 5.0;
				TARGETED_DEVICE_FAMILY = "1,2";
			};
			name = Release;
		};
/* End XCBuildConfiguration section */

/* Begin XCConfigurationList section */
		AC7221FA2D2097DA0029970C /* Build configuration list for PBXProject "Hanabi-Brain" */ = {
			isa = XCConfigurationList;
			buildConfigurations = (
				AC72220B2D2097DC0029970C /* Debug */,
				AC72220C2D2097DC0029970C /* Release */,
			);
			defaultConfigurationIsVisible = 0;
			defaultConfigurationName = Release;
		};
		AC72220D2D2097DC0029970C /* Build configuration list for PBXNativeTarget "Hanabi-Brain" */ = {
			isa = XCConfigurationList;
			buildConfigurations = (
				AC72220E2D2097DC0029970C /* Debug */,
				AC72220F2D2097DC0029970C /* Release */,
			);
			defaultConfigurationIsVisible = 0;
			defaultConfigurationName = Release;
		};
/* End XCConfigurationList section */
	};
	rootObject = AC7221F72D2097DA0029970C /* Project object */;
}
